{
  "name": "shadowtester",
  "lockfileVersion": 2,
  "requires": true,
  "packages": {
    "": {
      "dependencies": {
        "shadowpoll": "^1.0.0"
      }
    },
    "node_modules/shadowpoll": {
      "version": "1.0.0",
      "resolved": "https://registry.npmjs.org/shadowpoll/-/shadowpoll-1.0.0.tgz",
      "integrity": "sha512-9Y++2YfGt6ubk2ztoAlMrswMP9DK0OSk2nvYwiMhxjNn9WlUqDoirIxxwrpXO9Y4uEK9MGDFpf6QXz3/jbI+mg=="
    }
  },
  "dependencies": {
    "shadowpoll": {
      "version": "1.0.0",
      "resolved": "https://registry.npmjs.org/shadowpoll/-/shadowpoll-1.0.0.tgz",
      "integrity": "sha512-9Y++2YfGt6ubk2ztoAlMrswMP9DK0OSk2nvYwiMhxjNn9WlUqDoirIxxwrpXO9Y4uEK9MGDFpf6QXz3/jbI+mg=="
    }
  }
}
